
Microsoft Visual Studio Solution File, Format Version 12.00
# Visual Studio Version 16
VisualStudioVersion = 16.0.28922.388
MinimumVisualStudioVersion = 10.0.40219.1
Project("{FAE04EC0-301F-11D3-BF4B-00C04F79EFBC}") = "Prateleira", "Prateleira\Prateleira.csproj", "{F71E305D-FD38-4CA1-BCF8-44DAC1B683B6}"
EndProject
Project("{FAE04EC0-301F-11D3-BF4B-00C04F79EFBC}") = "PrateleiraTest", "PrateleiraTest\PrateleiraTest\PrateleiraTest.csproj", "{83246B56-02A2-423A-8A45-A99FC9D4B14B}"
EndProject
Global
	GlobalSection(SolutionConfigurationPlatforms) = preSolution
		Debug|Any CPU = Debug|Any CPU
		Release|Any CPU = Release|Any CPU
	EndGlobalSection
	GlobalSection(ProjectConfigurationPlatforms) = postSolution
		{F71E305D-FD38-4CA1-BCF8-44DAC1B683B6}.Debug|Any CPU.ActiveCfg = Debug|Any CPU
		{F71E305D-FD38-4CA1-BCF8-44DAC1B683B6}.Debug|Any CPU.Build.0 = Debug|Any CPU
		{F71E305D-FD38-4CA1-BCF8-44DAC1B683B6}.Release|Any CPU.ActiveCfg = Release|Any CPU
		{F71E305D-FD38-4CA1-BCF8-44DAC1B683B6}.Release|Any CPU.Build.0 = Release|Any CPU
		{83246B56-02A2-423A-8A45-A99FC9D4B14B}.Debug|Any CPU.ActiveCfg = Debug|Any CPU
		{83246B56-02A2-423A-8A45-A99FC9D4B14B}.Debug|Any CPU.Build.0 = Debug|Any CPU
		{83246B56-02A2-423A-8A45-A99FC9D4B14B}.Release|Any CPU.ActiveCfg = Release|Any CPU
		{83246B56-02A2-423A-8A45-A99FC9D4B14B}.Release|Any CPU.Build.0 = Release|Any CPU
	EndGlobalSection
	GlobalSection(SolutionProperties) = preSolution
		HideSolutionNode = FALSE
	EndGlobalSection
	GlobalSection(ExtensibilityGlobals) = postSolution
		SolutionGuid = {A44EEB72-F6C1-4A30-8C7A-0110E36D7FE9}
	EndGlobalSection
EndGlobal
